// !$*UTF8*$!
{
	archiveVersion = 1;
	classes = {
	};
	objectVersion = 56;
	objects = {

/* Begin PBXBuildFile section */
		DBDB50EF2BD0E09700DD85B8 /* HW2App.swift in Sources */ = {isa = PBXBuildFile; fileRef = DBDB50EE2BD0E09700DD85B8 /* HW2App.swift */; };
		DBDB50F12BD0E09700DD85B8 /* ContentView.swift in Sources */ = {isa = PBXBuildFile; fileRef = DBDB50F02BD0E09700DD85B8 /* ContentView.swift */; };
		DBDB50F32BD0E09700DD85B8 /* Item.swift in Sources */ = {isa = PBXBuildFile; fileRef = DBDB50F22BD0E09700DD85B8 /* Item.swift */; };
		DBDB50F52BD0E09700DD85B8 /* Assets.xcassets in Resources */ = {isa = PBXBuildFile; fileRef = DBDB50F42BD0E09700DD85B8 /* Assets.xcassets */; };
		DBDB50F82BD0E09700DD85B8 /* Preview Assets.xcassets in Resources */ = {isa = PBXBuildFile; fileRef = DBDB50F72BD0E09700DD85B8 /* Preview Assets.xcassets */; };
		DBDB51022BD0E09700DD85B8 /* HW2Tests.swift in Sources */ = {isa = PBXBuildFile; fileRef = DBDB51012BD0E09700DD85B8 /* HW2Tests.swift */; };
		DBDB510C2BD0E09700DD85B8 /* HW2UITests.swift in Sources */ = {isa = PBXBuildFile; fileRef = DBDB510B2BD0E09700DD85B8 /* HW2UITests.swift */; };
		DBDB510E2BD0E09700DD85B8 /* HW2UITestsLaunchTests.swift in Sources */ = {isa = PBXBuildFile; fileRef = DBDB510D2BD0E09700DD85B8 /* HW2UITestsLaunchTests.swift */; };
/* End PBXBuildFile section */

/* Begin PBXContainerItemProxy section */
		DBDB50FE2BD0E09700DD85B8 /* PBXContainerItemProxy */ = {
			isa = PBXContainerItemProxy;
			containerPortal = DBDB50E32BD0E09700DD85B8 /* Project object */;
			proxyType = 1;
			remoteGlobalIDString = DBDB50EA2BD0E09700DD85B8;
			remoteInfo = HW2;
		};
		DBDB51082BD0E09700DD85B8 /* PBXContainerItemProxy */ = {
			isa = PBXContainerItemProxy;
			containerPortal = DBDB50E32BD0E09700DD85B8 /* Project object */;
			proxyType = 1;
			remoteGlobalIDString = DBDB50EA2BD0E09700DD85B8;
			remoteInfo = HW2;
		};
/* End PBXContainerItemProxy section */

/* Begin PBXFileReference section */
		DBDB50EB2BD0E09700DD85B8 /* HW2.app */ = {isa = PBXFileReference; explicitFileType = wrapper.application; includeInIndex = 0; path = HW2.app; sourceTree = BUILT_PRODUCTS_DIR; };
		DBDB50EE2BD0E09700DD85B8 /* HW2App.swift */ = {isa = PBXFileReference; lastKnownFileType = sourcecode.swift; path = HW2App.swift; sourceTree = "<group>"; };
		DBDB50F02BD0E09700DD85B8 /* ContentView.swift */ = {isa = PBXFileReference; lastKnownFileType = sourcecode.swift; path = ContentView.swift; sourceTree = "<group>"; };
		DBDB50F22BD0E09700DD85B8 /* Item.swift */ = {isa = PBXFileReference; lastKnownFileType = sourcecode.swift; path = Item.swift; sourceTree = "<group>"; };
		DBDB50F42BD0E09700DD85B8 /* Assets.xcassets */ = {isa = PBXFileReference; lastKnownFileType = folder.assetcatalog; path = Assets.xcassets; sourceTree = "<group>"; };
		DBDB50F72BD0E09700DD85B8 /* Preview Assets.xcassets */ = {isa = PBXFileReference; lastKnownFileType = folder.assetcatalog; path = "Preview Assets.xcassets"; sourceTree = "<group>"; };
		DBDB50FD2BD0E09700DD85B8 /* HW2Tests.xctest */ = {isa = PBXFileReference; explicitFileType = wrapper.cfbundle; includeInIndex = 0; path = HW2Tests.xctest; sourceTree = BUILT_PRODUCTS_DIR; };
		DBDB51012BD0E09700DD85B8 /* HW2Tests.swift */ = {isa = PBXFileReference; lastKnownFileType = sourcecode.swift; path = HW2Tests.swift; sourceTree = "<group>"; };
		DBDB51072BD0E09700DD85B8 /* HW2UITests.xctest */ = {isa = PBXFileReference; explicitFileType = wrapper.cfbundle; includeInIndex = 0; path = HW2UITests.xctest; sourceTree = BUILT_PRODUCTS_DIR; };
		DBDB510B2BD0E09700DD85B8 /* HW2UITests.swift */ = {isa = PBXFileReference; lastKnownFileType = sourcecode.swift; path = HW2UITests.swift; sourceTree = "<group>"; };
		DBDB510D2BD0E09700DD85B8 /* HW2UITestsLaunchTests.swift */ = {isa = PBXFileReference; lastKnownFileType = sourcecode.swift; path = HW2UITestsLaunchTests.swift; sourceTree = "<group>"; };
/* End PBXFileReference section */

/* Begin PBXFrameworksBuildPhase section */
		DBDB50E82BD0E09700DD85B8 /* Frameworks */ = {
			isa = PBXFrameworksBuildPhase;
			buildActionMask = 2147483647;
			files = (
			);
			runOnlyForDeploymentPostprocessing = 0;
		};
		DBDB50FA2BD0E09700DD85B8 /* Frameworks */ = {
			isa = PBXFrameworksBuildPhase;
			buildActionMask = 2147483647;
			files = (
			);
			runOnlyForDeploymentPostprocessing = 0;
		};
		DBDB51042BD0E09700DD85B8 /* Frameworks */ = {
			isa = PBXFrameworksBuildPhase;
			buildActionMask = 2147483647;
			files = (
			);
			runOnlyForDeploymentPostprocessing = 0;
		};
/* End PBXFrameworksBuildPhase section */

/* Begin PBXGroup section */
		DBDB50E22BD0E09700DD85B8 = {
			isa = PBXGroup;
			children = (
				DBDB50ED2BD0E09700DD85B8 /* HW2 */,
				DBDB51002BD0E09700DD85B8 /* HW2Tests */,
				DBDB510A2BD0E09700DD85B8 /* HW2UITests */,
				DBDB50EC2BD0E09700DD85B8 /* Products */,
			);
			sourceTree = "<group>";
		};
		DBDB50EC2BD0E09700DD85B8 /* Products */ = {
			isa = PBXGroup;
			children = (
				DBDB50EB2BD0E09700DD85B8 /* HW2.app */,
				DBDB50FD2BD0E09700DD85B8 /* HW2Tests.xctest */,
				DBDB51072BD0E09700DD85B8 /* HW2UITests.xctest */,
			);
			name = Products;
			sourceTree = "<group>";
		};
		DBDB50ED2BD0E09700DD85B8 /* HW2 */ = {
			isa = PBXGroup;
			children = (
				DBDB50EE2BD0E09700DD85B8 /* HW2App.swift */,
				DBDB50F02BD0E09700DD85B8 /* ContentView.swift */,
				DBDB50F22BD0E09700DD85B8 /* Item.swift */,
				DBDB50F42BD0E09700DD85B8 /* Assets.xcassets */,
				DBDB50F62BD0E09700DD85B8 /* Preview Content */,
			);
			path = HW2;
			sourceTree = "<group>";
		};
		DBDB50F62BD0E09700DD85B8 /* Preview Content */ = {
			isa = PBXGroup;
			children = (
				DBDB50F72BD0E09700DD85B8 /* Preview Assets.xcassets */,
			);
			path = "Preview Content";
			sourceTree = "<group>";
		};
		DBDB51002BD0E09700DD85B8 /* HW2Tests */ = {
			isa = PBXGroup;
			children = (
				DBDB51012BD0E09700DD85B8 /* HW2Tests.swift */,
			);
			path = HW2Tests;
			sourceTree = "<group>";
		};
		DBDB510A2BD0E09700DD85B8 /* HW2UITests */ = {
			isa = PBXGroup;
			children = (
				DBDB510B2BD0E09700DD85B8 /* HW2UITests.swift */,
				DBDB510D2BD0E09700DD85B8 /* HW2UITestsLaunchTests.swift */,
			);
			path = HW2UITests;
			sourceTree = "<group>";
		};
/* End PBXGroup section */

/* Begin PBXNativeTarget section */
		DBDB50EA2BD0E09700DD85B8 /* HW2 */ = {
			isa = PBXNativeTarget;
			buildConfigurationList = DBDB51112BD0E09700DD85B8 /* Build configuration list for PBXNativeTarget "HW2" */;
			buildPhases = (
				DBDB50E72BD0E09700DD85B8 /* Sources */,
				DBDB50E82BD0E09700DD85B8 /* Frameworks */,
				DBDB50E92BD0E09700DD85B8 /* Resources */,
			);
			buildRules = (
			);
			dependencies = (
			);
			name = HW2;
			productName = HW2;
			productReference = DBDB50EB2BD0E09700DD85B8 /* HW2.app */;
			productType = "com.apple.product-type.application";
		};
		DBDB50FC2BD0E09700DD85B8 /* HW2Tests */ = {
			isa = PBXNativeTarget;
			buildConfigurationList = DBDB51142BD0E09700DD85B8 /* Build configuration list for PBXNativeTarget "HW2Tests" */;
			buildPhases = (
				DBDB50F92BD0E09700DD85B8 /* Sources */,
				DBDB50FA2BD0E09700DD85B8 /* Frameworks */,
				DBDB50FB2BD0E09700DD85B8 /* Resources */,
			);
			buildRules = (
			);
			dependencies = (
				DBDB50FF2BD0E09700DD85B8 /* PBXTargetDependency */,
			);
			name = HW2Tests;
			productName = HW2Tests;
			productReference = DBDB50FD2BD0E09700DD85B8 /* HW2Tests.xctest */;
			productType = "com.apple.product-type.bundle.unit-test";
		};
		DBDB51062BD0E09700DD85B8 /* HW2UITests */ = {
			isa = PBXNativeTarget;
			buildConfigurationList = DBDB51172BD0E09700DD85B8 /* Build configuration list for PBXNativeTarget "HW2UITests" */;
			buildPhases = (
				DBDB51032BD0E09700DD85B8 /* Sources */,
				DBDB51042BD0E09700DD85B8 /* Frameworks */,
				DBDB51052BD0E09700DD85B8 /* Resources */,
			);
			buildRules = (
			);
			dependencies = (
				DBDB51092BD0E09700DD85B8 /* PBXTargetDependency */,
			);
			name = HW2UITests;
			productName = HW2UITests;
			productReference = DBDB51072BD0E09700DD85B8 /* HW2UITests.xctest */;
			productType = "com.apple.product-type.bundle.ui-testing";
		};
/* End PBXNativeTarget section */

/* Begin PBXProject section */
		DBDB50E32BD0E09700DD85B8 /* Project object */ = {
			isa = PBXProject;
			attributes = {
				BuildIndependentTargetsInParallel = 1;
				LastSwiftUpdateCheck = 1530;
				LastUpgradeCheck = 1530;
				TargetAttributes = {
					DBDB50EA2BD0E09700DD85B8 = {
						CreatedOnToolsVersion = 15.3;
					};
					DBDB50FC2BD0E09700DD85B8 = {
						CreatedOnToolsVersion = 15.3;
						TestTargetID = DBDB50EA2BD0E09700DD85B8;
					};
					DBDB51062BD0E09700DD85B8 = {
						CreatedOnToolsVersion = 15.3;
						TestTargetID = DBDB50EA2BD0E09700DD85B8;
					};
				};
			};
			buildConfigurationList = DBDB50E62BD0E09700DD85B8 /* Build configuration list for PBXProject "HW2" */;
			compatibilityVersion = "Xcode 14.0";
			developmentRegion = en;
			hasScannedForEncodings = 0;
			knownRegions = (
				en,
				Base,
			);
			mainGroup = DBDB50E22BD0E09700DD85B8;
			productRefGroup = DBDB50EC2BD0E09700DD85B8 /* Products */;
			projectDirPath = "";
			projectRoot = "";
			targets = (
				DBDB50EA2BD0E09700DD85B8 /* HW2 */,
				DBDB50FC2BD0E09700DD85B8 /* HW2Tests */,
				DBDB51062BD0E09700DD85B8 /* HW2UITests */,
			);
		};
/* End PBXProject section */

/* Begin PBXResourcesBuildPhase section */
		DBDB50E92BD0E09700DD85B8 /* Resources */ = {
			isa = PBXResourcesBuildPhase;
			buildActionMask = 2147483647;
			files = (
				DBDB50F82BD0E09700DD85B8 /* Preview Assets.xcassets in Resources */,
				DBDB50F52BD0E09700DD85B8 /* Assets.xcassets in Resources */,
			);
			runOnlyForDeploymentPostprocessing = 0;
		};
		DBDB50FB2BD0E09700DD85B8 /* Resources */ = {
			isa = PBXResourcesBuildPhase;
			buildActionMask = 2147483647;
			files = (
			);
			runOnlyForDeploymentPostprocessing = 0;
		};
		DBDB51052BD0E09700DD85B8 /* Resources */ = {
			isa = PBXResourcesBuildPhase;
			buildActionMask = 2147483647;
			files = (
			);
			runOnlyForDeploymentPostprocessing = 0;
		};
/* End PBXResourcesBuildPhase section */

/* Begin PBXSourcesBuildPhase section */
		DBDB50E72BD0E09700DD85B8 /* Sources */ = {
			isa = PBXSourcesBuildPhase;
			buildActionMask = 2147483647;
			files = (
				DBDB50F12BD0E09700DD85B8 /* ContentView.swift in Sources */,
				DBDB50F32BD0E09700DD85B8 /* Item.swift in Sources */,
				DBDB50EF2BD0E09700DD85B8 /* HW2App.swift in Sources */,
			);
			runOnlyForDeploymentPostprocessing = 0;
		};
		DBDB50F92BD0E09700DD85B8 /* Sources */ = {
			isa = PBXSourcesBuildPhase;
			buildActionMask = 2147483647;
			files = (
				DBDB51022BD0E09700DD85B8 /* HW2Tests.swift in Sources */,
			);
			runOnlyForDeploymentPostprocessing = 0;
		};
		DBDB51032BD0E09700DD85B8 /* Sources */ = {
			isa = PBXSourcesBuildPhase;
			buildActionMask = 2147483647;
			files = (
				DBDB510E2BD0E09700DD85B8 /* HW2UITestsLaunchTests.swift in Sources */,
				DBDB510C2BD0E09700DD85B8 /* HW2UITests.swift in Sources */,
			);
			runOnlyForDeploymentPostprocessing = 0;
		};
/* End PBXSourcesBuildPhase section */

/* Begin PBXTargetDependency section */
		DBDB50FF2BD0E09700DD85B8 /* PBXTargetDependency */ = {
			isa = PBXTargetDependency;
			target = DBDB50EA2BD0E09700DD85B8 /* HW2 */;
			targetProxy = DBDB50FE2BD0E09700DD85B8 /* PBXContainerItemProxy */;
		};
		DBDB51092BD0E09700DD85B8 /* PBXTargetDependency */ = {
			isa = PBXTargetDependency;
			target = DBDB50EA2BD0E09700DD85B8 /* HW2 */;
			targetProxy = DBDB51082BD0E09700DD85B8 /* PBXContainerItemProxy */;
		};
/* End PBXTargetDependency section */

/* Begin XCBuildConfiguration section */
		DBDB510F2BD0E09700DD85B8 /* Debug */ = {
			isa = XCBuildConfiguration;
			buildSettings = {
				ALWAYS_SEARCH_USER_PATHS = NO;
				ASSETCATALOG_COMPILER_GENERATE_SWIFT_ASSET_SYMBOL_EXTENSIONS = YES;
				CLANG_ANALYZER_NONNULL = YES;
				CLANG_ANALYZER_NUMBER_OBJECT_CONVERSION = YES_AGGRESSIVE;
				CLANG_CXX_LANGUAGE_STANDARD = "gnu++20";
				CLANG_ENABLE_MODULES = YES;
				CLANG_ENABLE_OBJC_ARC = YES;
				CLANG_ENABLE_OBJC_WEAK = YES;
				CLANG_WARN_BLOCK_CAPTURE_AUTORELEASING = YES;
				CLANG_WARN_BOOL_CONVERSION = YES;
				CLANG_WARN_COMMA = YES;
				CLANG_WARN_CONSTANT_CONVERSION = YES;
				CLANG_WARN_DEPRECATED_OBJC_IMPLEMENTATIONS = YES;
				CLANG_WARN_DIRECT_OBJC_ISA_USAGE = YES_ERROR;
				CLANG_WARN_DOCUMENTATION_COMMENTS = YES;
				CLANG_WARN_EMPTY_BODY = YES;
				CLANG_WARN_ENUM_CONVERSION = YES;
				CLANG_WARN_INFINITE_RECURSION = YES;
				CLANG_WARN_INT_CONVERSION = YES;
				CLANG_WARN_NON_LITERAL_NULL_CONVERSION = YES;
				CLANG_WARN_OBJC_IMPLICIT_RETAIN_SELF = YES;
				CLANG_WARN_OBJC_LITERAL_CONVERSION = YES;
				CLANG_WARN_OBJC_ROOT_CLASS = YES_ERROR;
				CLANG_WARN_QUOTED_INCLUDE_IN_FRAMEWORK_HEADER = YES;
				CLANG_WARN_RANGE_LOOP_ANALYSIS = YES;
				CLANG_WARN_STRICT_PROTOTYPES = YES;
				CLANG_WARN_SUSPICIOUS_MOVE = YES;
				CLANG_WARN_UNGUARDED_AVAILABILITY = YES_AGGRESSIVE;
				CLANG_WARN_UNREACHABLE_CODE = YES;
				CLANG_WARN__DUPLICATE_METHOD_MATCH = YES;
				COPY_PHASE_STRIP = NO;
				DEBUG_INFORMATION_FORMAT = dwarf;
				ENABLE_STRICT_OBJC_MSGSEND = YES;
				ENABLE_TESTABILITY = YES;
				ENABLE_USER_SCRIPT_SANDBOXING = YES;
				GCC_C_LANGUAGE_STANDARD = gnu17;
				GCC_DYNAMIC_NO_PIC = NO;
				GCC_NO_COMMON_BLOCKS = YES;
				GCC_OPTIMIZATION_LEVEL = 0;
				GCC_PREPROCESSOR_DEFINITIONS = (
					"DEBUG=1",
					"$(inherited)",
				);
				GCC_WARN_64_TO_32_BIT_CONVERSION = YES;
				GCC_WARN_ABOUT_RETURN_TYPE = YES_ERROR;
				GCC_WARN_UNDECLARED_SELECTOR = YES;
				GCC_WARN_UNINITIALIZED_AUTOS = YES_AGGRESSIVE;
				GCC_WARN_UNUSED_FUNCTION = YES;
				GCC_WARN_UNUSED_VARIABLE = YES;
				IPHONEOS_DEPLOYMENT_TARGET = 17.4;
				LOCALIZATION_PREFERS_STRING_CATALOGS = YES;
				MTL_ENABLE_DEBUG_INFO = INCLUDE_SOURCE;
				MTL_FAST_MATH = YES;
				ONLY_ACTIVE_ARCH = YES;
				SDKROOT = iphoneos;
				SWIFT_ACTIVE_COMPILATION_CONDITIONS = "DEBUG $(inherited)";
				SWIFT_OPTIMIZATION_LEVEL = "-Onone";
			};
			name = Debug;
		};
		DBDB51102BD0E09700DD85B8 /* Release */ = {
			isa = XCBuildConfiguration;
			buildSettings = {
				ALWAYS_SEARCH_USER_PATHS = NO;
				ASSETCATALOG_COMPILER_GENERATE_SWIFT_ASSET_SYMBOL_EXTENSIONS = YES;
				CLANG_ANALYZER_NONNULL = YES;
				CLANG_ANALYZER_NUMBER_OBJECT_CONVERSION = YES_AGGRESSIVE;
				CLANG_CXX_LANGUAGE_STANDARD = "gnu++20";
				CLANG_ENABLE_MODULES = YES;
				CLANG_ENABLE_OBJC_ARC = YES;
				CLANG_ENABLE_OBJC_WEAK = YES;
				CLANG_WARN_BLOCK_CAPTURE_AUTORELEASING = YES;
				CLANG_WARN_BOOL_CONVERSION = YES;
				CLANG_WARN_COMMA = YES;
				CLANG_WARN_CONSTANT_CONVERSION = YES;
				CLANG_WARN_DEPRECATED_OBJC_IMPLEMENTATIONS = YES;
				CLANG_WARN_DIRECT_OBJC_ISA_USAGE = YES_ERROR;
				CLANG_WARN_DOCUMENTATION_COMMENTS = YES;
				CLANG_WARN_EMPTY_BODY = YES;
				CLANG_WARN_ENUM_CONVERSION = YES;
				CLANG_WARN_INFINITE_RECURSION = YES;
				CLANG_WARN_INT_CONVERSION = YES;
				CLANG_WARN_NON_LITERAL_NULL_CONVERSION = YES;
				CLANG_WARN_OBJC_IMPLICIT_RETAIN_SELF = YES;
				CLANG_WARN_OBJC_LITERAL_CONVERSION = YES;
				CLANG_WARN_OBJC_ROOT_CLASS = YES_ERROR;
				CLANG_WARN_QUOTED_INCLUDE_IN_FRAMEWORK_HEADER = YES;
				CLANG_WARN_RANGE_LOOP_ANALYSIS = YES;
				CLANG_WARN_STRICT_PROTOTYPES = YES;
				CLANG_WARN_SUSPICIOUS_MOVE = YES;
				CLANG_WARN_UNGUARDED_AVAILABILITY = YES_AGGRESSIVE;
				CLANG_WARN_UNREACHABLE_CODE = YES;
				CLANG_WARN__DUPLICATE_METHOD_MATCH = YES;
				COPY_PHASE_STRIP = NO;
				DEBUG_INFORMATION_FORMAT = "dwarf-with-dsym";
				ENABLE_NS_ASSERTIONS = NO;
				ENABLE_STRICT_OBJC_MSGSEND = YES;
				ENABLE_USER_SCRIPT_SANDBOXING = YES;
				GCC_C_LANGUAGE_STANDARD = gnu17;
				GCC_NO_COMMON_BLOCKS = YES;
				GCC_WARN_64_TO_32_BIT_CONVERSION = YES;
				GCC_WARN_ABOUT_RETURN_TYPE = YES_ERROR;
				GCC_WARN_UNDECLARED_SELECTOR = YES;
				GCC_WARN_UNINITIALIZED_AUTOS = YES_AGGRESSIVE;
				GCC_WARN_UNUSED_FUNCTION = YES;
				GCC_WARN_UNUSED_VARIABLE = YES;
				IPHONEOS_DEPLOYMENT_TARGET = 17.4;
				LOCALIZATION_PREFERS_STRING_CATALOGS = YES;
				MTL_ENABLE_DEBUG_INFO = NO;
				MTL_FAST_MATH = YES;
				SDKROOT = iphoneos;
				SWIFT_COMPILATION_MODE = wholemodule;
				VALIDATE_PRODUCT = YES;
			};
			name = Release;
		};
		DBDB51122BD0E09700DD85B8 /* Debug */ = {
			isa = XCBuildConfiguration;
			buildSettings = {
				ASSETCATALOG_COMPILER_APPICON_NAME = AppIcon;
				ASSETCATALOG_COMPILER_GLOBAL_ACCENT_COLOR_NAME = AccentColor;
				CODE_SIGN_STYLE = Automatic;
				CURRENT_PROJECT_VERSION = 1;
				DEVELOPMENT_ASSET_PATHS = "\"HW2/Preview Content\"";
				DEVELOPMENT_TEAM = 43P9Z6866Y;
				ENABLE_PREVIEWS = YES;
				GENERATE_INFOPLIST_FILE = YES;
				INFOPLIST_KEY_UIApplicationSceneManifest_Generation = YES;
				INFOPLIST_KEY_UIApplicationSupportsIndirectInputEvents = YES;
				INFOPLIST_KEY_UILaunchScreen_Generation = YES;
				INFOPLIST_KEY_UISupportedInterfaceOrientations_iPad = "UIInterfaceOrientationPortrait UIInterfaceOrientationPortraitUpsideDown UIInterfaceOrientationLandscapeLeft UIInterfaceOrientationLandscapeRight";
				INFOPLIST_KEY_UISupportedInterfaceOrientations_iPhone = "UIInterfaceOrientationPortrait UIInterfaceOrientationLandscapeLeft UIInterfaceOrientationLandscapeRight";
				LD_RUNPATH_SEARCH_PATHS = (
					"$(inherited)",
					"@executable_path/Frameworks",
				);
				MARKETING_VERSION = 1.0;
				PRODUCT_BUNDLE_IDENTIFIER = Test1.HW2;
				PRODUCT_NAME = "$(TARGET_NAME)";
				SWIFT_EMIT_LOC_STRINGS = YES;
				SWIFT_VERSION = 5.0;
				TARGETED_DEVICE_FAMILY = "1,2";
			};
			name = Debug;
		};
		DBDB51132BD0E09700DD85B8 /* Release */ = {
			isa = XCBuildConfiguration;
			buildSettings = {
				ASSETCATALOG_COMPILER_APPICON_NAME = AppIcon;
				ASSETCATALOG_COMPILER_GLOBAL_ACCENT_COLOR_NAME = AccentColor;
				CODE_SIGN_STYLE = Automatic;
				CURRENT_PROJECT_VERSION = 1;
				DEVELOPMENT_ASSET_PATHS = "\"HW2/Preview Content\"";
				DEVELOPMENT_TEAM = 43P9Z6866Y;
				ENABLE_PREVIEWS = YES;
				GENERATE_INFOPLIST_FILE = YES;
				INFOPLIST_KEY_UIApplicationSceneManifest_Generation = YES;
				INFOPLIST_KEY_UIApplicationSupportsIndirectInputEvents = YES;
				INFOPLIST_KEY_UILaunchScreen_Generation = YES;
				INFOPLIST_KEY_UISupportedInterfaceOrientations_iPad = "UIInterfaceOrientationPortrait UIInterfaceOrientationPortraitUpsideDown UIInterfaceOrientationLandscapeLeft UIInterfaceOrientationLandscapeRight";
				INFOPLIST_KEY_UISupportedInterfaceOrientations_iPhone = "UIInterfaceOrientationPortrait UIInterfaceOrientationLandscapeLeft UIInterfaceOrientationLandscapeRight";
				LD_RUNPATH_SEARCH_PATHS = (
					"$(inherited)",
					"@executable_path/Frameworks",
				);
				MARKETING_VERSION = 1.0;
				PRODUCT_BUNDLE_IDENTIFIER = Test1.HW2;
				PRODUCT_NAME = "$(TARGET_NAME)";
				SWIFT_EMIT_LOC_STRINGS = YES;
				SWIFT_VERSION = 5.0;
				TARGETED_DEVICE_FAMILY = "1,2";
			};
			name = Release;
		};
		DBDB51152BD0E09700DD85B8 /* Debug */ = {
			isa = XCBuildConfiguration;
			buildSettings = {
				ALWAYS_EMBED_SWIFT_STANDARD_LIBRARIES = YES;
				BUNDLE_LOADER = "$(TEST_HOST)";
				CODE_SIGN_STYLE = Automatic;
				CURRENT_PROJECT_VERSION = 1;
				DEVELOPMENT_TEAM = 43P9Z6866Y;
				GENERATE_INFOPLIST_FILE = YES;
				IPHONEOS_DEPLOYMENT_TARGET = 17.4;
				MARKETING_VERSION = 1.0;
				PRODUCT_BUNDLE_IDENTIFIER = Test1.HW2Tests;
				PRODUCT_NAME = "$(TARGET_NAME)";
				SWIFT_EMIT_LOC_STRINGS = NO;
				SWIFT_VERSION = 5.0;
				TARGETED_DEVICE_FAMILY = "1,2";
				TEST_HOST = "$(BUILT_PRODUCTS_DIR)/HW2.app/$(BUNDLE_EXECUTABLE_FOLDER_PATH)/HW2";
			};
			name = Debug;
		};
		DBDB51162BD0E09700DD85B8 /* Release */ = {
			isa = XCBuildConfiguration;
			buildSettings = {
				ALWAYS_EMBED_SWIFT_STANDARD_LIBRARIES = YES;
				BUNDLE_LOADER = "$(TEST_HOST)";
				CODE_SIGN_STYLE = Automatic;
				CURRENT_PROJECT_VERSION = 1;
				DEVELOPMENT_TEAM = 43P9Z6866Y;
				GENERATE_INFOPLIST_FILE = YES;
				IPHONEOS_DEPLOYMENT_TARGET = 17.4;
				MARKETING_VERSION = 1.0;
				PRODUCT_BUNDLE_IDENTIFIER = Test1.HW2Tests;
				PRODUCT_NAME = "$(TARGET_NAME)";
				SWIFT_EMIT_LOC_STRINGS = NO;
				SWIFT_VERSION = 5.0;
				TARGETED_DEVICE_FAMILY = "1,2";
				TEST_HOST = "$(BUILT_PRODUCTS_DIR)/HW2.app/$(BUNDLE_EXECUTABLE_FOLDER_PATH)/HW2";
			};
			name = Release;
		};
		DBDB51182BD0E09700DD85B8 /* Debug */ = {
			isa = XCBuildConfiguration;
			buildSettings = {
				ALWAYS_EMBED_SWIFT_STANDARD_LIBRARIES = YES;
				CODE_SIGN_STYLE = Automatic;
				CURRENT_PROJECT_VERSION = 1;
				DEVELOPMENT_TEAM = 43P9Z6866Y;
				GENERATE_INFOPLIST_FILE = YES;
				MARKETING_VERSION = 1.0;
				PRODUCT_BUNDLE_IDENTIFIER = Test1.HW2UITests;
				PRODUCT_NAME = "$(TARGET_NAME)";
				SWIFT_EMIT_LOC_STRINGS = NO;
				SWIFT_VERSION = 5.0;
				TARGETED_DEVICE_FAMILY = "1,2";
				TEST_TARGET_NAME = HW2;
			};
			name = Debug;
		};
		DBDB51192BD0E09700DD85B8 /* Release */ = {
			isa = XCBuildConfiguration;
			buildSettings = {
				ALWAYS_EMBED_SWIFT_STANDARD_LIBRARIES = YES;
				CODE_SIGN_STYLE = Automatic;
				CURRENT_PROJECT_VERSION = 1;
				DEVELOPMENT_TEAM = 43P9Z6866Y;
				GENERATE_INFOPLIST_FILE = YES;
				MARKETING_VERSION = 1.0;
				PRODUCT_BUNDLE_IDENTIFIER = Test1.HW2UITests;
				PRODUCT_NAME = "$(TARGET_NAME)";
				SWIFT_EMIT_LOC_STRINGS = NO;
				SWIFT_VERSION = 5.0;
				TARGETED_DEVICE_FAMILY = "1,2";
				TEST_TARGET_NAME = HW2;
			};
			name = Release;
		};
/* End XCBuildConfiguration section */

/* Begin XCConfigurationList section */
		DBDB50E62BD0E09700DD85B8 /* Build configuration list for PBXProject "HW2" */ = {
			isa = XCConfigurationList;
			buildConfigurations = (
				DBDB510F2BD0E09700DD85B8 /* Debug */,
				DBDB51102BD0E09700DD85B8 /* Release */,
			);
			defaultConfigurationIsVisible = 0;
			defaultConfigurationName = Release;
		};
		DBDB51112BD0E09700DD85B8 /* Build configuration list for PBXNativeTarget "HW2" */ = {
			isa = XCConfigurationList;
			buildConfigurations = (
				DBDB51122BD0E09700DD85B8 /* Debug */,
				DBDB51132BD0E09700DD85B8 /* Release */,
			);
			defaultConfigurationIsVisible = 0;
			defaultConfigurationName = Release;
		};
		DBDB51142BD0E09700DD85B8 /* Build configuration list for PBXNativeTarget "HW2Tests" */ = {
			isa = XCConfigurationList;
			buildConfigurations = (
				DBDB51152BD0E09700DD85B8 /* Debug */,
				DBDB51162BD0E09700DD85B8 /* Release */,
			);
			defaultConfigurationIsVisible = 0;
			defaultConfigurationName = Release;
		};
		DBDB51172BD0E09700DD85B8 /* Build configuration list for PBXNativeTarget "HW2UITests" */ = {
			isa = XCConfigurationList;
			buildConfigurations = (
				DBDB51182BD0E09700DD85B8 /* Debug */,
				DBDB51192BD0E09700DD85B8 /* Release */,
			);
			defaultConfigurationIsVisible = 0;
			defaultConfigurationName = Release;
		};
/* End XCConfigurationList section */
	};
	rootObject = DBDB50E32BD0E09700DD85B8 /* Project object */;
}
